
Microsoft Visual Studio Solution File, Format Version 12.00
# Visual Studio Version 16
VisualStudioVersion = 16.0.30114.105
MinimumVisualStudioVersion = 10.0.40219.1
Project("{2150E333-8FDC-42A3-9474-1A3956D46DE8}") = "src", "src", "{51F5EB20-A917-46D5-B02F-EEFB5954D950}"
EndProject
Project("{FAE04EC0-301F-11D3-BF4B-00C04F79EFBC}") = "Gazel.Tutorial.App.Service", "src\Gazel.Tutorial.App.Service\Gazel.Tutorial.App.Service.csproj", "{6DF784C5-A5DF-488E-8431-911D8DAE6EB8}"
EndProject
Project("{FAE04EC0-301F-11D3-BF4B-00C04F79EFBC}") = "Gazel.Tutorial.App.Rest", "src\Gazel.Tutorial.App.Rest\Gazel.Tutorial.App.Rest.csproj", "{22A7568D-9FDF-44EC-832F-31438D57DAED}"
EndProject
Project("{FAE04EC0-301F-11D3-BF4B-00C04F79EFBC}") = "Gazel.Tutorial.Module.ProductManagement", "src\Gazel.Tutorial.Module.ProductManagement\Gazel.Tutorial.Module.ProductManagement.csproj", "{52AF81DB-3625-4CF7-B18F-CAEB7B546909}"
EndProject
Project("{2150E333-8FDC-42A3-9474-1A3956D46DE8}") = "test", "test", "{2820727C-8EBB-414D-866B-F9BF96349DA4}"
EndProject
Project("{FAE04EC0-301F-11D3-BF4B-00C04F79EFBC}") = "Gazel.Tutorial.Test.ProductManagement", "test\Gazel.Tutorial.Test.ProductManagement\Gazel.Tutorial.Test.ProductManagement.csproj", "{2A97EC94-513A-41D0-93C7-20AE9FFF6826}"
EndProject
Global
	GlobalSection(SolutionConfigurationPlatforms) = preSolution
		Debug|Any CPU = Debug|Any CPU
		Release|Any CPU = Release|Any CPU
	EndGlobalSection
	GlobalSection(SolutionProperties) = preSolution
		HideSolutionNode = FALSE
	EndGlobalSection
	GlobalSection(ProjectConfigurationPlatforms) = postSolution
		{6DF784C5-A5DF-488E-8431-911D8DAE6EB8}.Debug|Any CPU.ActiveCfg = Debug|Any CPU
		{6DF784C5-A5DF-488E-8431-911D8DAE6EB8}.Debug|Any CPU.Build.0 = Debug|Any CPU
		{6DF784C5-A5DF-488E-8431-911D8DAE6EB8}.Release|Any CPU.ActiveCfg = Release|Any CPU
		{6DF784C5-A5DF-488E-8431-911D8DAE6EB8}.Release|Any CPU.Build.0 = Release|Any CPU
		{22A7568D-9FDF-44EC-832F-31438D57DAED}.Debug|Any CPU.ActiveCfg = Debug|Any CPU
		{22A7568D-9FDF-44EC-832F-31438D57DAED}.Debug|Any CPU.Build.0 = Debug|Any CPU
		{22A7568D-9FDF-44EC-832F-31438D57DAED}.Release|Any CPU.ActiveCfg = Release|Any CPU
		{22A7568D-9FDF-44EC-832F-31438D57DAED}.Release|Any CPU.Build.0 = Release|Any CPU
		{52AF81DB-3625-4CF7-B18F-CAEB7B546909}.Debug|Any CPU.ActiveCfg = Debug|Any CPU
		{52AF81DB-3625-4CF7-B18F-CAEB7B546909}.Debug|Any CPU.Build.0 = Debug|Any CPU
		{52AF81DB-3625-4CF7-B18F-CAEB7B546909}.Release|Any CPU.ActiveCfg = Release|Any CPU
		{52AF81DB-3625-4CF7-B18F-CAEB7B546909}.Release|Any CPU.Build.0 = Release|Any CPU
		{2A97EC94-513A-41D0-93C7-20AE9FFF6826}.Debug|Any CPU.ActiveCfg = Debug|Any CPU
		{2A97EC94-513A-41D0-93C7-20AE9FFF6826}.Debug|Any CPU.Build.0 = Debug|Any CPU
		{2A97EC94-513A-41D0-93C7-20AE9FFF6826}.Release|Any CPU.ActiveCfg = Release|Any CPU
		{2A97EC94-513A-41D0-93C7-20AE9FFF6826}.Release|Any CPU.Build.0 = Release|Any CPU
	EndGlobalSection
	GlobalSection(NestedProjects) = preSolution
		{6DF784C5-A5DF-488E-8431-911D8DAE6EB8} = {51F5EB20-A917-46D5-B02F-EEFB5954D950}
		{22A7568D-9FDF-44EC-832F-31438D57DAED} = {51F5EB20-A917-46D5-B02F-EEFB5954D950}
		{52AF81DB-3625-4CF7-B18F-CAEB7B546909} = {51F5EB20-A917-46D5-B02F-EEFB5954D950}
		{2A97EC94-513A-41D0-93C7-20AE9FFF6826} = {2820727C-8EBB-414D-866B-F9BF96349DA4}
	EndGlobalSection
EndGlobal
